
Microsoft Visual Studio Solution File, Format Version 12.00
# Visual Studio Version 16
VisualStudioVersion = 16.0.30413.136
MinimumVisualStudioVersion = 10.0.40219.1
Project("{FAE04EC0-301F-11D3-BF4B-00C04F79EFBC}") = "DrawDocument", "DrawDocument.csproj", "{5083141B-40AC-48D8-9B87-326078628138}"
EndProject
Global
	GlobalSection(SolutionConfigurationPlatforms) = preSolution
		Debug|Any CPU = Debug|Any CPU
		Release|Any CPU = Release|Any CPU
	EndGlobalSection
	GlobalSection(ProjectConfigurationPlatforms) = postSolution
		{5083141B-40AC-48D8-9B87-326078628138}.Debug|Any CPU.ActiveCfg = Debug|Any CPU
		{5083141B-40AC-48D8-9B87-326078628138}.Debug|Any CPU.Build.0 = Debug|Any CPU
		{5083141B-40AC-48D8-9B87-326078628138}.Release|Any CPU.ActiveCfg = Release|Any CPU
		{5083141B-40AC-48D8-9B87-326078628138}.Release|Any CPU.Build.0 = Release|Any CPU
	EndGlobalSection
	GlobalSection(SolutionProperties) = preSolution
		HideSolutionNode = FALSE
	EndGlobalSection
	GlobalSection(ExtensibilityGlobals) = postSolution
		SolutionGuid = {9A5CFAEC-7F02-4776-8604-5552A4FE75AF}
	EndGlobalSection
EndGlobal
